{
	"name": "lsp-sample-server",
	"version": "1.0.0",
	"lockfileVersion": 2,
	"requires": true,
	"packages": {
		"": {
			"name": "lsp-sample-server",
			"version": "1.0.0",
			"license": "MIT",
			"dependencies": {
				"antlr4-c3": "^3.3.5",
				"antlr4ng": "^2.0.4",
				"vscode-languageserver": "^8.1.0",
				"vscode-languageserver-textdocument": "^1.0.8"
			},
			"devDependencies": {
				"@types/node": "^20.10.5",
				"antlr4ng-cli": "^1.0.7"
			},
			"engines": {
				"node": "*"
			}
		},
		"node_modules/@types/node": {
			"version": "20.10.5",
			"resolved": "https://registry.npmjs.org/@types/node/-/node-20.10.5.tgz",
			"integrity": "sha512-nNPsNE65wjMxEKI93yOP+NPGGBJz/PoN3kZsVLee0XMiJolxSekEVD8wRwBUBqkwc7UWop0edW50yrCQW4CyRw==",
			"dev": true,
			"dependencies": {
				"undici-types": "~5.26.4"
			}
		},
		"node_modules/antlr4-c3": {
			"version": "3.3.5",
			"resolved": "https://registry.npmjs.org/antlr4-c3/-/antlr4-c3-3.3.5.tgz",
			"integrity": "sha512-kJ2SRxa6zns5aXSqz90ogPchzUNTO4LshXsvTqe4a5fvJci1G67H1cMMhYGhcWqkZezyOFxPZ8XrZ+s7ivhWKw==",
			"dependencies": {
				"antlr4ng": "^2.0.0"
			}
		},
		"node_modules/antlr4ng": {
			"version": "2.0.4",
			"resolved": "https://registry.npmjs.org/antlr4ng/-/antlr4ng-2.0.4.tgz",
			"integrity": "sha512-ck0gqTfdTDOGwz4QQSEMN05mcsNWN75DCQiJS07jmpV8QGuC3oaU+GKusFuwTF/IYHqGQxNHBQvvg1Xk8a56CA==",
			"peerDependencies": {
				"antlr4ng-cli": "^1.0.0"
			}
		},
		"node_modules/antlr4ng-cli": {
			"version": "1.0.7",
			"resolved": "https://registry.npmjs.org/antlr4ng-cli/-/antlr4ng-cli-1.0.7.tgz",
			"integrity": "sha512-qN2FsDBmLvsQcA5CWTrPz8I8gNXeS1fgXBBhI78VyxBSBV/EJgqy8ks6IDTC9jyugpl40csCQ4sL5K4i2YZ/2w==",
			"bin": {
				"antlr4ng": "index.js"
			}
		},
		"node_modules/undici-types": {
			"version": "5.26.5",
			"resolved": "https://registry.npmjs.org/undici-types/-/undici-types-5.26.5.tgz",
			"integrity": "sha512-JlCMO+ehdEIKqlFxk6IfVoAUVmgz7cU7zD/h9XZ0qzeosSHmUJVOzSQvvYSYWXkFXC+IfLKSIffhv0sVZup6pA==",
			"dev": true
		},
		"node_modules/vscode-jsonrpc": {
			"version": "8.1.0",
			"resolved": "https://registry.npmjs.org/vscode-jsonrpc/-/vscode-jsonrpc-8.1.0.tgz",
			"integrity": "sha512-6TDy/abTQk+zDGYazgbIPc+4JoXdwC8NHU9Pbn4UJP1fehUyZmM4RHp5IthX7A6L5KS30PRui+j+tbbMMMafdw==",
			"engines": {
				"node": ">=14.0.0"
			}
		},
		"node_modules/vscode-languageserver": {
			"version": "8.1.0",
			"resolved": "https://registry.npmjs.org/vscode-languageserver/-/vscode-languageserver-8.1.0.tgz",
			"integrity": "sha512-eUt8f1z2N2IEUDBsKaNapkz7jl5QpskN2Y0G01T/ItMxBxw1fJwvtySGB9QMecatne8jFIWJGWI61dWjyTLQsw==",
			"dependencies": {
				"vscode-languageserver-protocol": "3.17.3"
			},
			"bin": {
				"installServerIntoExtension": "bin/installServerIntoExtension"
			}
		},
		"node_modules/vscode-languageserver-protocol": {
			"version": "3.17.3",
			"resolved": "https://registry.npmjs.org/vscode-languageserver-protocol/-/vscode-languageserver-protocol-3.17.3.tgz",
			"integrity": "sha512-924/h0AqsMtA5yK22GgMtCYiMdCOtWTSGgUOkgEDX+wk2b0x4sAfLiO4NxBxqbiVtz7K7/1/RgVrVI0NClZwqA==",
			"dependencies": {
				"vscode-jsonrpc": "8.1.0",
				"vscode-languageserver-types": "3.17.3"
			}
		},
		"node_modules/vscode-languageserver-textdocument": {
			"version": "1.0.8",
			"resolved": "https://registry.npmjs.org/vscode-languageserver-textdocument/-/vscode-languageserver-textdocument-1.0.8.tgz",
			"integrity": "sha512-1bonkGqQs5/fxGT5UchTgjGVnfysL0O8v1AYMBjqTbWQTFn721zaPGDYFkOKtfDgFiSgXM3KwaG3FMGfW4Ed9Q=="
		},
		"node_modules/vscode-languageserver-types": {
			"version": "3.17.3",
			"resolved": "https://registry.npmjs.org/vscode-languageserver-types/-/vscode-languageserver-types-3.17.3.tgz",
			"integrity": "sha512-SYU4z1dL0PyIMd4Vj8YOqFvHu7Hz/enbWtpfnVbJHU4Nd1YNYx8u0ennumc6h48GQNeOLxmwySmnADouT/AuZA=="
		}
	},
	"dependencies": {
		"@types/node": {
			"version": "20.10.5",
			"resolved": "https://registry.npmjs.org/@types/node/-/node-20.10.5.tgz",
			"integrity": "sha512-nNPsNE65wjMxEKI93yOP+NPGGBJz/PoN3kZsVLee0XMiJolxSekEVD8wRwBUBqkwc7UWop0edW50yrCQW4CyRw==",
			"dev": true,
			"requires": {
				"undici-types": "~5.26.4"
			}
		},
		"antlr4-c3": {
			"version": "3.3.5",
			"resolved": "https://registry.npmjs.org/antlr4-c3/-/antlr4-c3-3.3.5.tgz",
			"integrity": "sha512-kJ2SRxa6zns5aXSqz90ogPchzUNTO4LshXsvTqe4a5fvJci1G67H1cMMhYGhcWqkZezyOFxPZ8XrZ+s7ivhWKw==",
			"requires": {
				"antlr4ng": "^2.0.0"
			}
		},
		"antlr4ng": {
			"version": "2.0.4",
			"resolved": "https://registry.npmjs.org/antlr4ng/-/antlr4ng-2.0.4.tgz",
			"integrity": "sha512-ck0gqTfdTDOGwz4QQSEMN05mcsNWN75DCQiJS07jmpV8QGuC3oaU+GKusFuwTF/IYHqGQxNHBQvvg1Xk8a56CA==",
			"requires": {}
		},
		"antlr4ng-cli": {
			"version": "1.0.7",
			"resolved": "https://registry.npmjs.org/antlr4ng-cli/-/antlr4ng-cli-1.0.7.tgz",
			"integrity": "sha512-qN2FsDBmLvsQcA5CWTrPz8I8gNXeS1fgXBBhI78VyxBSBV/EJgqy8ks6IDTC9jyugpl40csCQ4sL5K4i2YZ/2w=="
		},
		"undici-types": {
			"version": "5.26.5",
			"resolved": "https://registry.npmjs.org/undici-types/-/undici-types-5.26.5.tgz",
			"integrity": "sha512-JlCMO+ehdEIKqlFxk6IfVoAUVmgz7cU7zD/h9XZ0qzeosSHmUJVOzSQvvYSYWXkFXC+IfLKSIffhv0sVZup6pA==",
			"dev": true
		},
		"vscode-jsonrpc": {
			"version": "8.1.0",
			"resolved": "https://registry.npmjs.org/vscode-jsonrpc/-/vscode-jsonrpc-8.1.0.tgz",
			"integrity": "sha512-6TDy/abTQk+zDGYazgbIPc+4JoXdwC8NHU9Pbn4UJP1fehUyZmM4RHp5IthX7A6L5KS30PRui+j+tbbMMMafdw=="
		},
		"vscode-languageserver": {
			"version": "8.1.0",
			"resolved": "https://registry.npmjs.org/vscode-languageserver/-/vscode-languageserver-8.1.0.tgz",
			"integrity": "sha512-eUt8f1z2N2IEUDBsKaNapkz7jl5QpskN2Y0G01T/ItMxBxw1fJwvtySGB9QMecatne8jFIWJGWI61dWjyTLQsw==",
			"requires": {
				"vscode-languageserver-protocol": "3.17.3"
			}
		},
		"vscode-languageserver-protocol": {
			"version": "3.17.3",
			"resolved": "https://registry.npmjs.org/vscode-languageserver-protocol/-/vscode-languageserver-protocol-3.17.3.tgz",
			"integrity": "sha512-924/h0AqsMtA5yK22GgMtCYiMdCOtWTSGgUOkgEDX+wk2b0x4sAfLiO4NxBxqbiVtz7K7/1/RgVrVI0NClZwqA==",
			"requires": {
				"vscode-jsonrpc": "8.1.0",
				"vscode-languageserver-types": "3.17.3"
			}
		},
		"vscode-languageserver-textdocument": {
			"version": "1.0.8",
			"resolved": "https://registry.npmjs.org/vscode-languageserver-textdocument/-/vscode-languageserver-textdocument-1.0.8.tgz",
			"integrity": "sha512-1bonkGqQs5/fxGT5UchTgjGVnfysL0O8v1AYMBjqTbWQTFn721zaPGDYFkOKtfDgFiSgXM3KwaG3FMGfW4Ed9Q=="
		},
		"vscode-languageserver-types": {
			"version": "3.17.3",
			"resolved": "https://registry.npmjs.org/vscode-languageserver-types/-/vscode-languageserver-types-3.17.3.tgz",
			"integrity": "sha512-SYU4z1dL0PyIMd4Vj8YOqFvHu7Hz/enbWtpfnVbJHU4Nd1YNYx8u0ennumc6h48GQNeOLxmwySmnADouT/AuZA=="
		}
	}
}
